
Microsoft Visual Studio Solution File, Format Version 12.00
# Visual Studio Version 16
VisualStudioVersion = 16.0.30907.101
MinimumVisualStudioVersion = 10.0.40219.1
Project("{8BC9CEB8-8B4A-11D0-8D11-00A0C91BC942}") = "ACD.LAB3.1", "ACD.LAB3.1.vcxproj", "{CBBBAA28-A9AE-4455-88AB-CAFA87B6FA01}"
EndProject
Global
	GlobalSection(SolutionConfigurationPlatforms) = preSolution
		Debug|x64 = Debug|x64
		Debug|x86 = Debug|x86
		Release|x64 = Release|x64
		Release|x86 = Release|x86
	EndGlobalSection
	GlobalSection(ProjectConfigurationPlatforms) = postSolution
		{CBBBAA28-A9AE-4455-88AB-CAFA87B6FA01}.Debug|x64.ActiveCfg = Debug|x64
		{CBBBAA28-A9AE-4455-88AB-CAFA87B6FA01}.Debug|x64.Build.0 = Debug|x64
		{CBBBAA28-A9AE-4455-88AB-CAFA87B6FA01}.Debug|x86.ActiveCfg = Debug|Win32
		{CBBBAA28-A9AE-4455-88AB-CAFA87B6FA01}.Debug|x86.Build.0 = Debug|Win32
		{CBBBAA28-A9AE-4455-88AB-CAFA87B6FA01}.Release|x64.ActiveCfg = Release|x64
		{CBBBAA28-A9AE-4455-88AB-CAFA87B6FA01}.Release|x64.Build.0 = Release|x64
		{CBBBAA28-A9AE-4455-88AB-CAFA87B6FA01}.Release|x86.ActiveCfg = Release|Win32
		{CBBBAA28-A9AE-4455-88AB-CAFA87B6FA01}.Release|x86.Build.0 = Release|Win32
	EndGlobalSection
	GlobalSection(SolutionProperties) = preSolution
		HideSolutionNode = FALSE
	EndGlobalSection
	GlobalSection(ExtensibilityGlobals) = postSolution
		SolutionGuid = {05B4E98F-D263-462E-B1C6-ADBD38E1E51F}
	EndGlobalSection
EndGlobal
