
Microsoft Visual Studio Solution File, Format Version 12.00
# Visual Studio Version 16
VisualStudioVersion = 16.0.30907.101
MinimumVisualStudioVersion = 10.0.40219.1
Project("{8BC9CEB8-8B4A-11D0-8D11-00A0C91BC942}") = "ACD.LAB5", "ACD.LAB5.vcxproj", "{34494AD5-D404-4199-847C-FBA1906DA8EF}"
EndProject
Global
	GlobalSection(SolutionConfigurationPlatforms) = preSolution
		Debug|x64 = Debug|x64
		Debug|x86 = Debug|x86
		Release|x64 = Release|x64
		Release|x86 = Release|x86
	EndGlobalSection
	GlobalSection(ProjectConfigurationPlatforms) = postSolution
		{34494AD5-D404-4199-847C-FBA1906DA8EF}.Debug|x64.ActiveCfg = Debug|x64
		{34494AD5-D404-4199-847C-FBA1906DA8EF}.Debug|x64.Build.0 = Debug|x64
		{34494AD5-D404-4199-847C-FBA1906DA8EF}.Debug|x86.ActiveCfg = Debug|Win32
		{34494AD5-D404-4199-847C-FBA1906DA8EF}.Debug|x86.Build.0 = Debug|Win32
		{34494AD5-D404-4199-847C-FBA1906DA8EF}.Release|x64.ActiveCfg = Release|x64
		{34494AD5-D404-4199-847C-FBA1906DA8EF}.Release|x64.Build.0 = Release|x64
		{34494AD5-D404-4199-847C-FBA1906DA8EF}.Release|x86.ActiveCfg = Release|Win32
		{34494AD5-D404-4199-847C-FBA1906DA8EF}.Release|x86.Build.0 = Release|Win32
	EndGlobalSection
	GlobalSection(SolutionProperties) = preSolution
		HideSolutionNode = FALSE
	EndGlobalSection
	GlobalSection(ExtensibilityGlobals) = postSolution
		SolutionGuid = {FF7F4E15-121C-48BF-87D7-8F1C0CDA6DED}
	EndGlobalSection
EndGlobal
