
Microsoft Visual Studio Solution File, Format Version 12.00
# Visual Studio Version 16
VisualStudioVersion = 16.0.30907.101
MinimumVisualStudioVersion = 10.0.40219.1
Project("{FAE04EC0-301F-11D3-BF4B-00C04F79EFBC}") = "OOP.LAB4.3", "OOP.LAB4.3.csproj", "{FAD95D6E-3A7D-4571-9C99-4AAECFA58E10}"
EndProject
Global
	GlobalSection(SolutionConfigurationPlatforms) = preSolution
		Debug|Any CPU = Debug|Any CPU
		Release|Any CPU = Release|Any CPU
	EndGlobalSection
	GlobalSection(ProjectConfigurationPlatforms) = postSolution
		{FAD95D6E-3A7D-4571-9C99-4AAECFA58E10}.Debug|Any CPU.ActiveCfg = Debug|Any CPU
		{FAD95D6E-3A7D-4571-9C99-4AAECFA58E10}.Debug|Any CPU.Build.0 = Debug|Any CPU
		{FAD95D6E-3A7D-4571-9C99-4AAECFA58E10}.Release|Any CPU.ActiveCfg = Release|Any CPU
		{FAD95D6E-3A7D-4571-9C99-4AAECFA58E10}.Release|Any CPU.Build.0 = Release|Any CPU
	EndGlobalSection
	GlobalSection(SolutionProperties) = preSolution
		HideSolutionNode = FALSE
	EndGlobalSection
	GlobalSection(ExtensibilityGlobals) = postSolution
		SolutionGuid = {2BEB7D08-4D7B-43FD-9591-947F6964653A}
	EndGlobalSection
EndGlobal
